# generated by rye
# use `rye lock` or `rye sync` to update this lockfile
#
# last locked with the following flags:
#   pre: false
#   features: []
#   all-features: false
#   with-sources: false
#   generate-hashes: false
#   universal: false

-e file:.
annotated-types==0.7.0
    # via pydantic
certifi==2025.1.31
    # via requests
    # via sentry-sdk
charset-normalizer==3.4.1
    # via requests
greenlet==3.1.1
    # via playwright
idna==3.10
    # via requests
playwright==1.51.0
    # via tidalauth
pydantic==2.11.1
    # via pydantic-settings
pydantic-core==2.33.0
    # via pydantic
pydantic-settings==2.8.1
    # via tidalauth
pyee==12.1.1
    # via playwright
python-dotenv==1.1.0
    # via pydantic-settings
requests==2.32.3
    # via tidalauth
sentry-sdk==2.24.1
    # via tidalauth
tenacity==9.0.0
    # via tidalauth
typing-extensions==4.13.0
    # via pydantic
    # via pydantic-core
    # via pyee
    # via typing-inspection
typing-inspection==0.4.0
    # via pydantic
urllib3==2.3.0
    # via requests
    # via sentry-sdk
